
Microsoft Visual Studio Solution File, Format Version 12.00
# Visual Studio Version 17
VisualStudioVersion = 17.5.33414.496
MinimumVisualStudioVersion = 10.0.40219.1
Project("{2150E333-8FDC-42A3-9474-1A3956D46DE8}") = "src", "src", "{B65B079D-DB93-4165-AF50-01A75F98E58E}"
EndProject
Project("{2150E333-8FDC-42A3-9474-1A3956D46DE8}") = "1 - Web", "1 - Web", "{4C841665-035B-4CC7-A548-F6E15F15B4BF}"
EndProject
Project("{9A19103F-16F7-4668-BE54-9A1E7A4F7556}") = "EyeD.WebApi", "EyeD.WebApi\EyeD.WebApi.csproj", "{F90696FB-3A5B-469B-86FB-CB4E5F9C0545}"
EndProject
Project("{2150E333-8FDC-42A3-9474-1A3956D46DE8}") = "2 - Application", "2 - Application", "{B6387827-CE79-4219-8AA7-C0097E38A093}"
EndProject
Project("{9A19103F-16F7-4668-BE54-9A1E7A4F7556}") = "EyeD.Application", "EyeD.Application\EyeD.Application.csproj", "{1535AAF6-1765-41AF-B31A-ACC7E57C27EC}"
EndProject
Project("{2150E333-8FDC-42A3-9474-1A3956D46DE8}") = "3 - Domain", "3 - Domain", "{A8A19466-D9A1-4366-A18C-8C680E6085DA}"
EndProject
Project("{9A19103F-16F7-4668-BE54-9A1E7A4F7556}") = "EyeD.Domain.Core", "EyeD.Domain.Core\EyeD.Domain.Core.csproj", "{66BE26D9-01CD-4F93-BA08-EE9F3FC69EFE}"
EndProject
Project("{9A19103F-16F7-4668-BE54-9A1E7A4F7556}") = "EyeD.Domain", "EyeD.Domain\EyeD.Domain.csproj", "{F74B1658-F73A-4529-9E42-C61BB098D7E4}"
EndProject
Project("{2150E333-8FDC-42A3-9474-1A3956D46DE8}") = "4 - Infrastructure", "4 - Infrastructure", "{169145C9-966A-423B-996F-1D94A896ABC4}"
EndProject
Project("{2150E333-8FDC-42A3-9474-1A3956D46DE8}") = "4.1 - Data", "4.1 - Data", "{44DE774F-A5E0-4936-8A40-915BE5FCF0CC}"
EndProject
Project("{2150E333-8FDC-42A3-9474-1A3956D46DE8}") = "4.2 - CrossCutting", "4.2 - CrossCutting", "{9E70AC48-3EBD-45D5-A0C5-9EA9D603947E}"
EndProject
Project("{9A19103F-16F7-4668-BE54-9A1E7A4F7556}") = "EyeD.Infra.Data", "EyeD.Infra.Data\EyeD.Infra.Data.csproj", "{9F326CB8-EB2E-4B70-97E2-7DEE08DE9661}"
EndProject
Project("{9A19103F-16F7-4668-BE54-9A1E7A4F7556}") = "EyeD.Infra.CrossCutting.IoC", "EyeD.Infra.CrossCutting.IoC\EyeD.Infra.CrossCutting.IoC.csproj", "{5EDA5FF2-BC1C-43F4-9EF2-2A669B3F194F}"
EndProject
Project("{2150E333-8FDC-42A3-9474-1A3956D46DE8}") = "0 - Tests", "0 - Tests", "{8748E5CE-96F9-48DC-9CF7-A5B9FFCB8477}"
EndProject
Project("{FAE04EC0-301F-11D3-BF4B-00C04F79EFBC}") = "EyeD.UnitTests", "EyeD.UnitTests\EyeD.UnitTests.csproj", "{E54BA9C5-B40A-4D45-B3EB-D0D9775B8588}"
EndProject
Global
	GlobalSection(SolutionConfigurationPlatforms) = preSolution
		Debug|Any CPU = Debug|Any CPU
		Release|Any CPU = Release|Any CPU
	EndGlobalSection
	GlobalSection(ProjectConfigurationPlatforms) = postSolution
		{F90696FB-3A5B-469B-86FB-CB4E5F9C0545}.Debug|Any CPU.ActiveCfg = Debug|Any CPU
		{F90696FB-3A5B-469B-86FB-CB4E5F9C0545}.Debug|Any CPU.Build.0 = Debug|Any CPU
		{F90696FB-3A5B-469B-86FB-CB4E5F9C0545}.Release|Any CPU.ActiveCfg = Release|Any CPU
		{F90696FB-3A5B-469B-86FB-CB4E5F9C0545}.Release|Any CPU.Build.0 = Release|Any CPU
		{1535AAF6-1765-41AF-B31A-ACC7E57C27EC}.Debug|Any CPU.ActiveCfg = Debug|Any CPU
		{1535AAF6-1765-41AF-B31A-ACC7E57C27EC}.Debug|Any CPU.Build.0 = Debug|Any CPU
		{1535AAF6-1765-41AF-B31A-ACC7E57C27EC}.Release|Any CPU.ActiveCfg = Release|Any CPU
		{1535AAF6-1765-41AF-B31A-ACC7E57C27EC}.Release|Any CPU.Build.0 = Release|Any CPU
		{66BE26D9-01CD-4F93-BA08-EE9F3FC69EFE}.Debug|Any CPU.ActiveCfg = Debug|Any CPU
		{66BE26D9-01CD-4F93-BA08-EE9F3FC69EFE}.Debug|Any CPU.Build.0 = Debug|Any CPU
		{66BE26D9-01CD-4F93-BA08-EE9F3FC69EFE}.Release|Any CPU.ActiveCfg = Release|Any CPU
		{66BE26D9-01CD-4F93-BA08-EE9F3FC69EFE}.Release|Any CPU.Build.0 = Release|Any CPU
		{F74B1658-F73A-4529-9E42-C61BB098D7E4}.Debug|Any CPU.ActiveCfg = Debug|Any CPU
		{F74B1658-F73A-4529-9E42-C61BB098D7E4}.Debug|Any CPU.Build.0 = Debug|Any CPU
		{F74B1658-F73A-4529-9E42-C61BB098D7E4}.Release|Any CPU.ActiveCfg = Release|Any CPU
		{F74B1658-F73A-4529-9E42-C61BB098D7E4}.Release|Any CPU.Build.0 = Release|Any CPU
		{9F326CB8-EB2E-4B70-97E2-7DEE08DE9661}.Debug|Any CPU.ActiveCfg = Debug|Any CPU
		{9F326CB8-EB2E-4B70-97E2-7DEE08DE9661}.Debug|Any CPU.Build.0 = Debug|Any CPU
		{9F326CB8-EB2E-4B70-97E2-7DEE08DE9661}.Release|Any CPU.ActiveCfg = Release|Any CPU
		{9F326CB8-EB2E-4B70-97E2-7DEE08DE9661}.Release|Any CPU.Build.0 = Release|Any CPU
		{5EDA5FF2-BC1C-43F4-9EF2-2A669B3F194F}.Debug|Any CPU.ActiveCfg = Debug|Any CPU
		{5EDA5FF2-BC1C-43F4-9EF2-2A669B3F194F}.Debug|Any CPU.Build.0 = Debug|Any CPU
		{5EDA5FF2-BC1C-43F4-9EF2-2A669B3F194F}.Release|Any CPU.ActiveCfg = Release|Any CPU
		{5EDA5FF2-BC1C-43F4-9EF2-2A669B3F194F}.Release|Any CPU.Build.0 = Release|Any CPU
		{E54BA9C5-B40A-4D45-B3EB-D0D9775B8588}.Debug|Any CPU.ActiveCfg = Debug|Any CPU
		{E54BA9C5-B40A-4D45-B3EB-D0D9775B8588}.Debug|Any CPU.Build.0 = Debug|Any CPU
		{E54BA9C5-B40A-4D45-B3EB-D0D9775B8588}.Release|Any CPU.ActiveCfg = Release|Any CPU
		{E54BA9C5-B40A-4D45-B3EB-D0D9775B8588}.Release|Any CPU.Build.0 = Release|Any CPU
	EndGlobalSection
	GlobalSection(SolutionProperties) = preSolution
		HideSolutionNode = FALSE
	EndGlobalSection
	GlobalSection(NestedProjects) = preSolution
		{4C841665-035B-4CC7-A548-F6E15F15B4BF} = {B65B079D-DB93-4165-AF50-01A75F98E58E}
		{F90696FB-3A5B-469B-86FB-CB4E5F9C0545} = {4C841665-035B-4CC7-A548-F6E15F15B4BF}
		{B6387827-CE79-4219-8AA7-C0097E38A093} = {B65B079D-DB93-4165-AF50-01A75F98E58E}
		{1535AAF6-1765-41AF-B31A-ACC7E57C27EC} = {B6387827-CE79-4219-8AA7-C0097E38A093}
		{A8A19466-D9A1-4366-A18C-8C680E6085DA} = {B65B079D-DB93-4165-AF50-01A75F98E58E}
		{66BE26D9-01CD-4F93-BA08-EE9F3FC69EFE} = {A8A19466-D9A1-4366-A18C-8C680E6085DA}
		{F74B1658-F73A-4529-9E42-C61BB098D7E4} = {A8A19466-D9A1-4366-A18C-8C680E6085DA}
		{169145C9-966A-423B-996F-1D94A896ABC4} = {B65B079D-DB93-4165-AF50-01A75F98E58E}
		{44DE774F-A5E0-4936-8A40-915BE5FCF0CC} = {169145C9-966A-423B-996F-1D94A896ABC4}
		{9E70AC48-3EBD-45D5-A0C5-9EA9D603947E} = {169145C9-966A-423B-996F-1D94A896ABC4}
		{9F326CB8-EB2E-4B70-97E2-7DEE08DE9661} = {44DE774F-A5E0-4936-8A40-915BE5FCF0CC}
		{5EDA5FF2-BC1C-43F4-9EF2-2A669B3F194F} = {9E70AC48-3EBD-45D5-A0C5-9EA9D603947E}
		{8748E5CE-96F9-48DC-9CF7-A5B9FFCB8477} = {B65B079D-DB93-4165-AF50-01A75F98E58E}
		{E54BA9C5-B40A-4D45-B3EB-D0D9775B8588} = {8748E5CE-96F9-48DC-9CF7-A5B9FFCB8477}
	EndGlobalSection
	GlobalSection(ExtensibilityGlobals) = postSolution
		SolutionGuid = {3548D90F-E564-4ACA-8187-2F567A9FF424}
	EndGlobalSection
EndGlobal
